
Microsoft Visual Studio Solution File, Format Version 12.00
# Visual Studio Version 17
VisualStudioVersion = 17.5.002.0
MinimumVisualStudioVersion = 10.0.40219.1
Project("{9A19103F-16F7-4668-BE54-9A1E7A4F7556}") = "Proje06-MvcWithSql", "Proje06-MvcWithSql.csproj", "{8A0B66CF-4957-460F-AB2D-3E9EE19A6BE5}"
EndProject
Global
	GlobalSection(SolutionConfigurationPlatforms) = preSolution
		Debug|Any CPU = Debug|Any CPU
		Release|Any CPU = Release|Any CPU
	EndGlobalSection
	GlobalSection(ProjectConfigurationPlatforms) = postSolution
		{8A0B66CF-4957-460F-AB2D-3E9EE19A6BE5}.Debug|Any CPU.ActiveCfg = Debug|Any CPU
		{8A0B66CF-4957-460F-AB2D-3E9EE19A6BE5}.Debug|Any CPU.Build.0 = Debug|Any CPU
		{8A0B66CF-4957-460F-AB2D-3E9EE19A6BE5}.Release|Any CPU.ActiveCfg = Release|Any CPU
		{8A0B66CF-4957-460F-AB2D-3E9EE19A6BE5}.Release|Any CPU.Build.0 = Release|Any CPU
	EndGlobalSection
	GlobalSection(SolutionProperties) = preSolution
		HideSolutionNode = FALSE
	EndGlobalSection
	GlobalSection(ExtensibilityGlobals) = postSolution
		SolutionGuid = {7FAE46F6-9A44-4C83-A317-F0410FFFC2E3}
	EndGlobalSection
EndGlobal
