
Microsoft Visual Studio Solution File, Format Version 12.00
# Visual Studio Version 17
VisualStudioVersion = 17.8.34330.188
MinimumVisualStudioVersion = 10.0.40219.1
Project("{FAE04EC0-301F-11D3-BF4B-00C04F79EFBC}") = "P08-ErrorHandling", "P08-ErrorHandling.csproj", "{A921E0BE-C0FB-4AC6-9F21-D351103CA893}"
EndProject
Global
	GlobalSection(SolutionConfigurationPlatforms) = preSolution
		Debug|Any CPU = Debug|Any CPU
		Release|Any CPU = Release|Any CPU
	EndGlobalSection
	GlobalSection(ProjectConfigurationPlatforms) = postSolution
		{A921E0BE-C0FB-4AC6-9F21-D351103CA893}.Debug|Any CPU.ActiveCfg = Debug|Any CPU
		{A921E0BE-C0FB-4AC6-9F21-D351103CA893}.Debug|Any CPU.Build.0 = Debug|Any CPU
		{A921E0BE-C0FB-4AC6-9F21-D351103CA893}.Release|Any CPU.ActiveCfg = Release|Any CPU
		{A921E0BE-C0FB-4AC6-9F21-D351103CA893}.Release|Any CPU.Build.0 = Release|Any CPU
	EndGlobalSection
	GlobalSection(SolutionProperties) = preSolution
		HideSolutionNode = FALSE
	EndGlobalSection
	GlobalSection(ExtensibilityGlobals) = postSolution
		SolutionGuid = {CA7563B1-CF5A-40F7-BF82-D00D5F83C592}
	EndGlobalSection
EndGlobal
