
Microsoft Visual Studio Solution File, Format Version 12.00
# Visual Studio Version 17
VisualStudioVersion = 17.8.34330.188
MinimumVisualStudioVersion = 10.0.40219.1
Project("{FAE04EC0-301F-11D3-BF4B-00C04F79EFBC}") = "P12-Arrays", "P12-Arrays.csproj", "{FD0D5C14-C792-4247-B5F5-EB2FA3CB8878}"
EndProject
Global
	GlobalSection(SolutionConfigurationPlatforms) = preSolution
		Debug|Any CPU = Debug|Any CPU
		Release|Any CPU = Release|Any CPU
	EndGlobalSection
	GlobalSection(ProjectConfigurationPlatforms) = postSolution
		{FD0D5C14-C792-4247-B5F5-EB2FA3CB8878}.Debug|Any CPU.ActiveCfg = Debug|Any CPU
		{FD0D5C14-C792-4247-B5F5-EB2FA3CB8878}.Debug|Any CPU.Build.0 = Debug|Any CPU
		{FD0D5C14-C792-4247-B5F5-EB2FA3CB8878}.Release|Any CPU.ActiveCfg = Release|Any CPU
		{FD0D5C14-C792-4247-B5F5-EB2FA3CB8878}.Release|Any CPU.Build.0 = Release|Any CPU
	EndGlobalSection
	GlobalSection(SolutionProperties) = preSolution
		HideSolutionNode = FALSE
	EndGlobalSection
	GlobalSection(ExtensibilityGlobals) = postSolution
		SolutionGuid = {90552191-C0D6-4281-B2D9-15028F4FB115}
	EndGlobalSection
EndGlobal
