
Microsoft Visual Studio Solution File, Format Version 12.00
# Visual Studio Version 17
VisualStudioVersion = 17.8.34408.163
MinimumVisualStudioVersion = 10.0.40219.1
Project("{9A19103F-16F7-4668-BE54-9A1E7A4F7556}") = "MiniShop.UI", "MiniShop.UI\MiniShop.UI.csproj", "{FCB4A189-C6EE-4002-B15C-C54A8DEBA45A}"
EndProject
Project("{9A19103F-16F7-4668-BE54-9A1E7A4F7556}") = "MiniShop.Business", "MiniShop.Business\MiniShop.Business.csproj", "{4B5BDA9F-7FAA-4D24-B969-32049964B3E3}"
EndProject
Project("{9A19103F-16F7-4668-BE54-9A1E7A4F7556}") = "MiniShop.Data", "MiniShop.Data\MiniShop.Data.csproj", "{6A5DD420-C7CB-4A60-88F8-ED38ED55DB1E}"
EndProject
Project("{9A19103F-16F7-4668-BE54-9A1E7A4F7556}") = "MiniShop.Entity", "MiniShop.Entity\MiniShop.Entity.csproj", "{7EF1A08C-B9DE-4A56-8C7B-53E81BB0686C}"
EndProject
Project("{9A19103F-16F7-4668-BE54-9A1E7A4F7556}") = "MiniShop.Shared", "MiniShop.Shared\MiniShop.Shared.csproj", "{218DC965-6069-4E61-B4F9-15FEE5722DED}"
EndProject
Global
	GlobalSection(SolutionConfigurationPlatforms) = preSolution
		Debug|Any CPU = Debug|Any CPU
		Release|Any CPU = Release|Any CPU
	EndGlobalSection
	GlobalSection(ProjectConfigurationPlatforms) = postSolution
		{FCB4A189-C6EE-4002-B15C-C54A8DEBA45A}.Debug|Any CPU.ActiveCfg = Debug|Any CPU
		{FCB4A189-C6EE-4002-B15C-C54A8DEBA45A}.Debug|Any CPU.Build.0 = Debug|Any CPU
		{FCB4A189-C6EE-4002-B15C-C54A8DEBA45A}.Release|Any CPU.ActiveCfg = Release|Any CPU
		{FCB4A189-C6EE-4002-B15C-C54A8DEBA45A}.Release|Any CPU.Build.0 = Release|Any CPU
		{4B5BDA9F-7FAA-4D24-B969-32049964B3E3}.Debug|Any CPU.ActiveCfg = Debug|Any CPU
		{4B5BDA9F-7FAA-4D24-B969-32049964B3E3}.Debug|Any CPU.Build.0 = Debug|Any CPU
		{4B5BDA9F-7FAA-4D24-B969-32049964B3E3}.Release|Any CPU.ActiveCfg = Release|Any CPU
		{4B5BDA9F-7FAA-4D24-B969-32049964B3E3}.Release|Any CPU.Build.0 = Release|Any CPU
		{6A5DD420-C7CB-4A60-88F8-ED38ED55DB1E}.Debug|Any CPU.ActiveCfg = Debug|Any CPU
		{6A5DD420-C7CB-4A60-88F8-ED38ED55DB1E}.Debug|Any CPU.Build.0 = Debug|Any CPU
		{6A5DD420-C7CB-4A60-88F8-ED38ED55DB1E}.Release|Any CPU.ActiveCfg = Release|Any CPU
		{6A5DD420-C7CB-4A60-88F8-ED38ED55DB1E}.Release|Any CPU.Build.0 = Release|Any CPU
		{7EF1A08C-B9DE-4A56-8C7B-53E81BB0686C}.Debug|Any CPU.ActiveCfg = Debug|Any CPU
		{7EF1A08C-B9DE-4A56-8C7B-53E81BB0686C}.Debug|Any CPU.Build.0 = Debug|Any CPU
		{7EF1A08C-B9DE-4A56-8C7B-53E81BB0686C}.Release|Any CPU.ActiveCfg = Release|Any CPU
		{7EF1A08C-B9DE-4A56-8C7B-53E81BB0686C}.Release|Any CPU.Build.0 = Release|Any CPU
		{218DC965-6069-4E61-B4F9-15FEE5722DED}.Debug|Any CPU.ActiveCfg = Debug|Any CPU
		{218DC965-6069-4E61-B4F9-15FEE5722DED}.Debug|Any CPU.Build.0 = Debug|Any CPU
		{218DC965-6069-4E61-B4F9-15FEE5722DED}.Release|Any CPU.ActiveCfg = Release|Any CPU
		{218DC965-6069-4E61-B4F9-15FEE5722DED}.Release|Any CPU.Build.0 = Release|Any CPU
	EndGlobalSection
	GlobalSection(SolutionProperties) = preSolution
		HideSolutionNode = FALSE
	EndGlobalSection
	GlobalSection(ExtensibilityGlobals) = postSolution
		SolutionGuid = {CE94465C-F6E8-4904-8048-DCA80E96F47E}
	EndGlobalSection
EndGlobal
