
Microsoft Visual Studio Solution File, Format Version 12.00
# Visual Studio Version 17
VisualStudioVersion = 17.8.34330.188
MinimumVisualStudioVersion = 10.0.40219.1
Project("{FAE04EC0-301F-11D3-BF4B-00C04F79EFBC}") = "P06-NumberMethods", "P06-NumberMethods.csproj", "{A7EEAFE4-1560-40B7-94B1-8B390B525265}"
EndProject
Global
	GlobalSection(SolutionConfigurationPlatforms) = preSolution
		Debug|Any CPU = Debug|Any CPU
		Release|Any CPU = Release|Any CPU
	EndGlobalSection
	GlobalSection(ProjectConfigurationPlatforms) = postSolution
		{A7EEAFE4-1560-40B7-94B1-8B390B525265}.Debug|Any CPU.ActiveCfg = Debug|Any CPU
		{A7EEAFE4-1560-40B7-94B1-8B390B525265}.Debug|Any CPU.Build.0 = Debug|Any CPU
		{A7EEAFE4-1560-40B7-94B1-8B390B525265}.Release|Any CPU.ActiveCfg = Release|Any CPU
		{A7EEAFE4-1560-40B7-94B1-8B390B525265}.Release|Any CPU.Build.0 = Release|Any CPU
	EndGlobalSection
	GlobalSection(SolutionProperties) = preSolution
		HideSolutionNode = FALSE
	EndGlobalSection
	GlobalSection(ExtensibilityGlobals) = postSolution
		SolutionGuid = {092E7DCF-7017-4849-81EF-3F28AB5CE8ED}
	EndGlobalSection
EndGlobal
