
Microsoft Visual Studio Solution File, Format Version 12.00
# Visual Studio Version 17
VisualStudioVersion = 17.8.34330.188
MinimumVisualStudioVersion = 10.0.40219.1
Project("{FAE04EC0-301F-11D3-BF4B-00C04F79EFBC}") = "P09-Conditions", "P09-Conditions.csproj", "{DBB77C54-182E-4C8D-A4D2-4A253E6A05D3}"
EndProject
Global
	GlobalSection(SolutionConfigurationPlatforms) = preSolution
		Debug|Any CPU = Debug|Any CPU
		Release|Any CPU = Release|Any CPU
	EndGlobalSection
	GlobalSection(ProjectConfigurationPlatforms) = postSolution
		{DBB77C54-182E-4C8D-A4D2-4A253E6A05D3}.Debug|Any CPU.ActiveCfg = Debug|Any CPU
		{DBB77C54-182E-4C8D-A4D2-4A253E6A05D3}.Debug|Any CPU.Build.0 = Debug|Any CPU
		{DBB77C54-182E-4C8D-A4D2-4A253E6A05D3}.Release|Any CPU.ActiveCfg = Release|Any CPU
		{DBB77C54-182E-4C8D-A4D2-4A253E6A05D3}.Release|Any CPU.Build.0 = Release|Any CPU
	EndGlobalSection
	GlobalSection(SolutionProperties) = preSolution
		HideSolutionNode = FALSE
	EndGlobalSection
	GlobalSection(ExtensibilityGlobals) = postSolution
		SolutionGuid = {17363F44-EFFE-4CB0-AE29-F198CE815E5E}
	EndGlobalSection
EndGlobal
